
Microsoft Visual Studio Solution File, Format Version 12.00
# Visual Studio Version 17
VisualStudioVersion = 17.4.33122.133
MinimumVisualStudioVersion = 10.0.40219.1
Project("{9A19103F-16F7-4668-BE54-9A1E7A4F7556}") = "ListaDeTarefasMVC", "ListaDeTarefasMVC\ListaDeTarefasMVC.csproj", "{ABFFDC56-3858-492B-9F35-140536358D0D}"
EndProject
Global
	GlobalSection(SolutionConfigurationPlatforms) = preSolution
		Debug|Any CPU = Debug|Any CPU
		Release|Any CPU = Release|Any CPU
	EndGlobalSection
	GlobalSection(ProjectConfigurationPlatforms) = postSolution
		{ABFFDC56-3858-492B-9F35-140536358D0D}.Debug|Any CPU.ActiveCfg = Debug|Any CPU
		{ABFFDC56-3858-492B-9F35-140536358D0D}.Debug|Any CPU.Build.0 = Debug|Any CPU
		{ABFFDC56-3858-492B-9F35-140536358D0D}.Release|Any CPU.ActiveCfg = Release|Any CPU
		{ABFFDC56-3858-492B-9F35-140536358D0D}.Release|Any CPU.Build.0 = Release|Any CPU
	EndGlobalSection
	GlobalSection(SolutionProperties) = preSolution
		HideSolutionNode = FALSE
	EndGlobalSection
	GlobalSection(ExtensibilityGlobals) = postSolution
		SolutionGuid = {7C6876E6-6118-456C-9F4F-1E8603CA99EB}
	EndGlobalSection
EndGlobal
